
Microsoft Visual Studio Solution File, Format Version 12.00
# Visual Studio Version 17
VisualStudioVersion = 17.7.34024.191
MinimumVisualStudioVersion = 10.0.40219.1
Project("{FAE04EC0-301F-11D3-BF4B-00C04F79EFBC}") = "calculatorconsoleapp", "calculatorconsoleapp\calculatorconsoleapp.csproj", "{F437C5BC-E21F-4FCA-9CD8-1C4E6C0142CE}"
EndProject
Global
	GlobalSection(SolutionConfigurationPlatforms) = preSolution
		Debug|Any CPU = Debug|Any CPU
		Release|Any CPU = Release|Any CPU
	EndGlobalSection
	GlobalSection(ProjectConfigurationPlatforms) = postSolution
		{F437C5BC-E21F-4FCA-9CD8-1C4E6C0142CE}.Debug|Any CPU.ActiveCfg = Debug|Any CPU
		{F437C5BC-E21F-4FCA-9CD8-1C4E6C0142CE}.Debug|Any CPU.Build.0 = Debug|Any CPU
		{F437C5BC-E21F-4FCA-9CD8-1C4E6C0142CE}.Release|Any CPU.ActiveCfg = Release|Any CPU
		{F437C5BC-E21F-4FCA-9CD8-1C4E6C0142CE}.Release|Any CPU.Build.0 = Release|Any CPU
	EndGlobalSection
	GlobalSection(SolutionProperties) = preSolution
		HideSolutionNode = FALSE
	EndGlobalSection
	GlobalSection(ExtensibilityGlobals) = postSolution
		SolutionGuid = {3A21F60F-7BC7-45A2-A5CF-7F6042DBCA85}
	EndGlobalSection
EndGlobal
